
Microsoft Visual Studio Solution File, Format Version 12.00
# Visual Studio Version 17
VisualStudioVersion = 17.6.33815.320
MinimumVisualStudioVersion = 10.0.40219.1
Project("{FAE04EC0-301F-11D3-BF4B-00C04F79EFBC}") = "GLP2_1", "GLP2_1\GLP2_1.csproj", "{CB638ABB-162A-4E10-AA98-1186D1813D54}"
EndProject
Global
	GlobalSection(SolutionConfigurationPlatforms) = preSolution
		Debug|Any CPU = Debug|Any CPU
		Release|Any CPU = Release|Any CPU
	EndGlobalSection
	GlobalSection(ProjectConfigurationPlatforms) = postSolution
		{CB638ABB-162A-4E10-AA98-1186D1813D54}.Debug|Any CPU.ActiveCfg = Debug|Any CPU
		{CB638ABB-162A-4E10-AA98-1186D1813D54}.Debug|Any CPU.Build.0 = Debug|Any CPU
		{CB638ABB-162A-4E10-AA98-1186D1813D54}.Release|Any CPU.ActiveCfg = Release|Any CPU
		{CB638ABB-162A-4E10-AA98-1186D1813D54}.Release|Any CPU.Build.0 = Release|Any CPU
	EndGlobalSection
	GlobalSection(SolutionProperties) = preSolution
		HideSolutionNode = FALSE
	EndGlobalSection
	GlobalSection(ExtensibilityGlobals) = postSolution
		SolutionGuid = {171B6E6A-6293-4C76-B403-012A44BE03BA}
	EndGlobalSection
EndGlobal
